
Microsoft Visual Studio Solution File, Format Version 12.00
# Visual Studio Version 17
VisualStudioVersion = 17.2.32526.322
MinimumVisualStudioVersion = 10.0.40219.1
Project("{9A19103F-16F7-4668-BE54-9A1E7A4F7556}") = "IncirAgaci.API", "IncirAgaci.API\IncirAgaci.API.csproj", "{B764A3DF-CF6D-4352-959B-F0361B2F8FBE}"
EndProject
Project("{9A19103F-16F7-4668-BE54-9A1E7A4F7556}") = "IncirAgaci.UnitTests", "IncirAgaci.UnitTests\IncirAgaci.UnitTests.csproj", "{16B3703D-CF75-43C7-87CB-7BD856F2A1A5}"
EndProject
Project("{E53339B2-1760-4266-BCC7-CA923CBCF16C}") = "docker-compose", "docker-compose.dcproj", "{FA74B06C-452C-47A1-B1C7-26D9585EE689}"
EndProject
Global
	GlobalSection(SolutionConfigurationPlatforms) = preSolution
		Debug|Any CPU = Debug|Any CPU
		Release|Any CPU = Release|Any CPU
	EndGlobalSection
	GlobalSection(ProjectConfigurationPlatforms) = postSolution
		{B764A3DF-CF6D-4352-959B-F0361B2F8FBE}.Debug|Any CPU.ActiveCfg = Debug|Any CPU
		{B764A3DF-CF6D-4352-959B-F0361B2F8FBE}.Debug|Any CPU.Build.0 = Debug|Any CPU
		{B764A3DF-CF6D-4352-959B-F0361B2F8FBE}.Release|Any CPU.ActiveCfg = Release|Any CPU
		{B764A3DF-CF6D-4352-959B-F0361B2F8FBE}.Release|Any CPU.Build.0 = Release|Any CPU
		{16B3703D-CF75-43C7-87CB-7BD856F2A1A5}.Debug|Any CPU.ActiveCfg = Debug|Any CPU
		{16B3703D-CF75-43C7-87CB-7BD856F2A1A5}.Debug|Any CPU.Build.0 = Debug|Any CPU
		{16B3703D-CF75-43C7-87CB-7BD856F2A1A5}.Release|Any CPU.ActiveCfg = Release|Any CPU
		{16B3703D-CF75-43C7-87CB-7BD856F2A1A5}.Release|Any CPU.Build.0 = Release|Any CPU
		{FA74B06C-452C-47A1-B1C7-26D9585EE689}.Debug|Any CPU.ActiveCfg = Debug|Any CPU
		{FA74B06C-452C-47A1-B1C7-26D9585EE689}.Debug|Any CPU.Build.0 = Debug|Any CPU
		{FA74B06C-452C-47A1-B1C7-26D9585EE689}.Release|Any CPU.ActiveCfg = Release|Any CPU
		{FA74B06C-452C-47A1-B1C7-26D9585EE689}.Release|Any CPU.Build.0 = Release|Any CPU
	EndGlobalSection
	GlobalSection(SolutionProperties) = preSolution
		HideSolutionNode = FALSE
	EndGlobalSection
	GlobalSection(ExtensibilityGlobals) = postSolution
		SolutionGuid = {151CDE44-83C5-4F6A-8E92-FF1E6E18893B}
	EndGlobalSection
EndGlobal
